
Microsoft Visual Studio Solution File, Format Version 12.00
# Visual Studio Version 17
VisualStudioVersion = 17.0.31903.59
MinimumVisualStudioVersion = 10.0.40219.1
Project("{FAE04EC0-301F-11D3-BF4B-00C04F79EFBC}") = "Api", "Api\Api.csproj", "{8AE88FB6-B538-4F08-B715-13D1A79E7A4F}"
EndProject
Project("{FAE04EC0-301F-11D3-BF4B-00C04F79EFBC}") = "Tests", "Tests\Tests.csproj", "{6B38998B-6D85-42B3-9D8B-B99A3031BF63}"
EndProject
Project("{FAE04EC0-301F-11D3-BF4B-00C04F79EFBC}") = "ApiRequestor", "ApiRequestor\ApiRequestor.csproj", "{35814A16-7645-42A5-87EE-06171BC58F3A}"
EndProject
Global
	GlobalSection(SolutionConfigurationPlatforms) = preSolution
		Debug|Any CPU = Debug|Any CPU
		Release|Any CPU = Release|Any CPU
	EndGlobalSection
	GlobalSection(SolutionProperties) = preSolution
		HideSolutionNode = FALSE
	EndGlobalSection
	GlobalSection(ProjectConfigurationPlatforms) = postSolution
		{8AE88FB6-B538-4F08-B715-13D1A79E7A4F}.Debug|Any CPU.ActiveCfg = Debug|Any CPU
		{8AE88FB6-B538-4F08-B715-13D1A79E7A4F}.Debug|Any CPU.Build.0 = Debug|Any CPU
		{8AE88FB6-B538-4F08-B715-13D1A79E7A4F}.Release|Any CPU.ActiveCfg = Release|Any CPU
		{8AE88FB6-B538-4F08-B715-13D1A79E7A4F}.Release|Any CPU.Build.0 = Release|Any CPU
		{6B38998B-6D85-42B3-9D8B-B99A3031BF63}.Debug|Any CPU.ActiveCfg = Debug|Any CPU
		{6B38998B-6D85-42B3-9D8B-B99A3031BF63}.Debug|Any CPU.Build.0 = Debug|Any CPU
		{6B38998B-6D85-42B3-9D8B-B99A3031BF63}.Release|Any CPU.ActiveCfg = Release|Any CPU
		{6B38998B-6D85-42B3-9D8B-B99A3031BF63}.Release|Any CPU.Build.0 = Release|Any CPU
		{35814A16-7645-42A5-87EE-06171BC58F3A}.Debug|Any CPU.ActiveCfg = Debug|Any CPU
		{35814A16-7645-42A5-87EE-06171BC58F3A}.Debug|Any CPU.Build.0 = Debug|Any CPU
		{35814A16-7645-42A5-87EE-06171BC58F3A}.Release|Any CPU.ActiveCfg = Release|Any CPU
		{35814A16-7645-42A5-87EE-06171BC58F3A}.Release|Any CPU.Build.0 = Release|Any CPU
	EndGlobalSection
EndGlobal
